
Microsoft Visual Studio Solution File, Format Version 12.00
# Visual Studio Version 16
VisualStudioVersion = 16.0.30907.101
MinimumVisualStudioVersion = 10.0.40219.1
Project("{FAE04EC0-301F-11D3-BF4B-00C04F79EFBC}") = "BookCapturer", "BookCapturer\BookCapturer.csproj", "{AF45AEE5-5B0A-4839-BF6A-9847052CBD1D}"
EndProject
Global
	GlobalSection(SolutionConfigurationPlatforms) = preSolution
		Debug|Any CPU = Debug|Any CPU
		Release|Any CPU = Release|Any CPU
	EndGlobalSection
	GlobalSection(ProjectConfigurationPlatforms) = postSolution
		{AF45AEE5-5B0A-4839-BF6A-9847052CBD1D}.Debug|Any CPU.ActiveCfg = Debug|Any CPU
		{AF45AEE5-5B0A-4839-BF6A-9847052CBD1D}.Debug|Any CPU.Build.0 = Debug|Any CPU
		{AF45AEE5-5B0A-4839-BF6A-9847052CBD1D}.Release|Any CPU.ActiveCfg = Release|Any CPU
		{AF45AEE5-5B0A-4839-BF6A-9847052CBD1D}.Release|Any CPU.Build.0 = Release|Any CPU
	EndGlobalSection
	GlobalSection(SolutionProperties) = preSolution
		HideSolutionNode = FALSE
	EndGlobalSection
	GlobalSection(ExtensibilityGlobals) = postSolution
		SolutionGuid = {9EF83284-E895-4845-9A8A-8B3D2FD0E26D}
	EndGlobalSection
EndGlobal
